
Microsoft Visual Studio Solution File, Format Version 12.00
# Visual Studio Version 17
VisualStudioVersion = 17.8.34316.72
MinimumVisualStudioVersion = 10.0.40219.1
Project("{2150E333-8FDC-42A3-9474-1A3956D46DE8}") = "main", "main", "{1EC11842-87AB-41D7-B1F2-E1D33DCB4920}"
	ProjectSection(SolutionItems) = preProject
		BoxDealer.js = BoxDealer.js
		MyWebPage.html = MyWebPage.html
		TypeCtrl.css = TypeCtrl.css
	EndProjectSection
EndProject
Project("{2150E333-8FDC-42A3-9474-1A3956D46DE8}") = "fonts", "fonts", "{1C7DEFD9-E13D-4D41-841F-A4C9350D1AEA}"
	ProjectSection(SolutionItems) = preProject
		FontFamilies\Gauthier.ttf = FontFamilies\Gauthier.ttf
		FontFamilies\Hanken-Book.ttf = FontFamilies\Hanken-Book.ttf
		FontFamilies\Sarina.ttf = FontFamilies\Sarina.ttf
	EndProjectSection
EndProject
Project("{2150E333-8FDC-42A3-9474-1A3956D46DE8}") = "icon", "icon", "{F0E69F9D-C2B3-411A-BBA8-34715D7E4779}"
	ProjectSection(SolutionItems) = preProject
		Icon\7forWeb.png = Icon\7forWeb.png
	EndProjectSection
EndProject
Project("{2150E333-8FDC-42A3-9474-1A3956D46DE8}") = "introductions", "introductions", "{97954640-2A34-456D-B8DB-FFCA0CD5FBD6}"
	ProjectSection(SolutionItems) = preProject
		Introductions\Introductions.html = Introductions\Introductions.html
		Introductions\TypeCtrl.css = Introductions\TypeCtrl.css
	EndProjectSection
EndProject
Global
	GlobalSection(SolutionProperties) = preSolution
		HideSolutionNode = FALSE
	EndGlobalSection
	GlobalSection(ExtensibilityGlobals) = postSolution
		SolutionGuid = {81286C87-3F76-4F93-8B6F-B7AB2CE4AF7E}
	EndGlobalSection
EndGlobal
